
Microsoft Visual Studio Solution File, Format Version 12.00
# Visual Studio Version 17
VisualStudioVersion = 17.7.34031.279
MinimumVisualStudioVersion = 10.0.40219.1
Project("{8BC9CEB8-8B4A-11D0-8D11-00A0C91BC942}") = "Project1", "Project1\Project1.vcxproj", "{7BEB07A4-910C-4139-8EE4-BA19390651A8}"
EndProject
Global
	GlobalSection(SolutionConfigurationPlatforms) = preSolution
		Debug|x64 = Debug|x64
		Debug|x86 = Debug|x86
		Release|x64 = Release|x64
		Release|x86 = Release|x86
	EndGlobalSection
	GlobalSection(ProjectConfigurationPlatforms) = postSolution
		{7BEB07A4-910C-4139-8EE4-BA19390651A8}.Debug|x64.ActiveCfg = Debug|x64
		{7BEB07A4-910C-4139-8EE4-BA19390651A8}.Debug|x64.Build.0 = Debug|x64
		{7BEB07A4-910C-4139-8EE4-BA19390651A8}.Debug|x86.ActiveCfg = Debug|Win32
		{7BEB07A4-910C-4139-8EE4-BA19390651A8}.Debug|x86.Build.0 = Debug|Win32
		{7BEB07A4-910C-4139-8EE4-BA19390651A8}.Release|x64.ActiveCfg = Release|x64
		{7BEB07A4-910C-4139-8EE4-BA19390651A8}.Release|x64.Build.0 = Release|x64
		{7BEB07A4-910C-4139-8EE4-BA19390651A8}.Release|x86.ActiveCfg = Release|Win32
		{7BEB07A4-910C-4139-8EE4-BA19390651A8}.Release|x86.Build.0 = Release|Win32
	EndGlobalSection
	GlobalSection(SolutionProperties) = preSolution
		HideSolutionNode = FALSE
	EndGlobalSection
	GlobalSection(ExtensibilityGlobals) = postSolution
		SolutionGuid = {9AFB4338-E58F-40EE-9EF7-5860F9619F55}
	EndGlobalSection
EndGlobal
